
Microsoft Visual Studio Solution File, Format Version 12.00
# Visual Studio Version 17
VisualStudioVersion = 17.2.32526.322
MinimumVisualStudioVersion = 10.0.40219.1
Project("{FAE04EC0-301F-11D3-BF4B-00C04F79EFBC}") = "GameWatch", "GameWatch\GameWatch.csproj", "{027DD264-1F1C-441C-810E-C53D32EE4CCF}"
EndProject
Global
	GlobalSection(SolutionConfigurationPlatforms) = preSolution
		Debug|Any CPU = Debug|Any CPU
		Release|Any CPU = Release|Any CPU
	EndGlobalSection
	GlobalSection(ProjectConfigurationPlatforms) = postSolution
		{027DD264-1F1C-441C-810E-C53D32EE4CCF}.Debug|Any CPU.ActiveCfg = Debug|Any CPU
		{027DD264-1F1C-441C-810E-C53D32EE4CCF}.Debug|Any CPU.Build.0 = Debug|Any CPU
		{027DD264-1F1C-441C-810E-C53D32EE4CCF}.Release|Any CPU.ActiveCfg = Release|Any CPU
		{027DD264-1F1C-441C-810E-C53D32EE4CCF}.Release|Any CPU.Build.0 = Release|Any CPU
	EndGlobalSection
	GlobalSection(SolutionProperties) = preSolution
		HideSolutionNode = FALSE
	EndGlobalSection
	GlobalSection(ExtensibilityGlobals) = postSolution
		SolutionGuid = {A37D88D0-3402-4C0E-AE79-C7E7ED6BA5F9}
	EndGlobalSection
EndGlobal
